
Microsoft Visual Studio Solution File, Format Version 12.00
# Visual Studio Version 17
VisualStudioVersion = 17.1.32319.34
MinimumVisualStudioVersion = 10.0.40219.1
Project("{9A19103F-16F7-4668-BE54-9A1E7A4F7556}") = "Ex02", "Ex02\Ex02.csproj", "{FEE1A2AB-0369-425F-BE9A-EE542D5C83C0}"
EndProject
Project("{9A19103F-16F7-4668-BE54-9A1E7A4F7556}") = "Ex03", "Ex03\Ex03.csproj", "{CB814339-89A4-47ED-8D25-80A63715499B}"
EndProject
Project("{9A19103F-16F7-4668-BE54-9A1E7A4F7556}") = "Ex04", "Ex04\Ex04.csproj", "{9B6CA3FF-2CA0-4ADE-9F69-932D574563D1}"
EndProject
Project("{9A19103F-16F7-4668-BE54-9A1E7A4F7556}") = "Ex05", "Ex05\Ex05.csproj", "{FD5DC74A-8819-4995-8466-B24B194BAEC5}"
EndProject
Project("{9A19103F-16F7-4668-BE54-9A1E7A4F7556}") = "Ex06", "Ex06\Ex06.csproj", "{4A15C827-CF2A-4F23-868E-C5B608C08082}"
EndProject
Project("{9A19103F-16F7-4668-BE54-9A1E7A4F7556}") = "Ex07", "Ex07\Ex07.csproj", "{086E1AFE-2252-42A0-BC5D-65B4D788B342}"
EndProject
Project("{9A19103F-16F7-4668-BE54-9A1E7A4F7556}") = "Ex08", "Ex08\Ex08.csproj", "{5C36166B-2CD9-4A2F-8D86-F222C89BF066}"
EndProject
Project("{9A19103F-16F7-4668-BE54-9A1E7A4F7556}") = "Ex09", "Ex09\Ex09.csproj", "{1BE5BBA9-6EC6-4D02-AB72-F4658050BF27}"
EndProject
Project("{9A19103F-16F7-4668-BE54-9A1E7A4F7556}") = "Ex10", "Ex10\Ex10.csproj", "{09E362B9-95F0-4B76-A65E-1BBA8166140B}"
EndProject
Project("{9A19103F-16F7-4668-BE54-9A1E7A4F7556}") = "Ex11", "Ex11\Ex11.csproj", "{8762B455-182B-4C60-A08D-BA78669DC399}"
EndProject
Project("{9A19103F-16F7-4668-BE54-9A1E7A4F7556}") = "Ex12", "Ex12\Ex12.csproj", "{23FDDE1E-64C6-47C4-9E43-EA4676CDF74E}"
EndProject
Project("{9A19103F-16F7-4668-BE54-9A1E7A4F7556}") = "Ex13", "Ex13\Ex13.csproj", "{F5246BB5-4015-492C-BECA-3F874EAA53F2}"
EndProject
Project("{9A19103F-16F7-4668-BE54-9A1E7A4F7556}") = "Ex01", "Ex01\Ex01.csproj", "{F6544A4A-0DAD-4F5A-AF90-BBB28DD27558}"
EndProject
Global
	GlobalSection(SolutionConfigurationPlatforms) = preSolution
		Debug|Any CPU = Debug|Any CPU
		Release|Any CPU = Release|Any CPU
	EndGlobalSection
	GlobalSection(ProjectConfigurationPlatforms) = postSolution
		{FEE1A2AB-0369-425F-BE9A-EE542D5C83C0}.Debug|Any CPU.ActiveCfg = Debug|Any CPU
		{FEE1A2AB-0369-425F-BE9A-EE542D5C83C0}.Debug|Any CPU.Build.0 = Debug|Any CPU
		{FEE1A2AB-0369-425F-BE9A-EE542D5C83C0}.Release|Any CPU.ActiveCfg = Release|Any CPU
		{FEE1A2AB-0369-425F-BE9A-EE542D5C83C0}.Release|Any CPU.Build.0 = Release|Any CPU
		{CB814339-89A4-47ED-8D25-80A63715499B}.Debug|Any CPU.ActiveCfg = Debug|Any CPU
		{CB814339-89A4-47ED-8D25-80A63715499B}.Debug|Any CPU.Build.0 = Debug|Any CPU
		{CB814339-89A4-47ED-8D25-80A63715499B}.Release|Any CPU.ActiveCfg = Release|Any CPU
		{CB814339-89A4-47ED-8D25-80A63715499B}.Release|Any CPU.Build.0 = Release|Any CPU
		{9B6CA3FF-2CA0-4ADE-9F69-932D574563D1}.Debug|Any CPU.ActiveCfg = Debug|Any CPU
		{9B6CA3FF-2CA0-4ADE-9F69-932D574563D1}.Debug|Any CPU.Build.0 = Debug|Any CPU
		{9B6CA3FF-2CA0-4ADE-9F69-932D574563D1}.Release|Any CPU.ActiveCfg = Release|Any CPU
		{9B6CA3FF-2CA0-4ADE-9F69-932D574563D1}.Release|Any CPU.Build.0 = Release|Any CPU
		{FD5DC74A-8819-4995-8466-B24B194BAEC5}.Debug|Any CPU.ActiveCfg = Debug|Any CPU
		{FD5DC74A-8819-4995-8466-B24B194BAEC5}.Debug|Any CPU.Build.0 = Debug|Any CPU
		{FD5DC74A-8819-4995-8466-B24B194BAEC5}.Release|Any CPU.ActiveCfg = Release|Any CPU
		{FD5DC74A-8819-4995-8466-B24B194BAEC5}.Release|Any CPU.Build.0 = Release|Any CPU
		{4A15C827-CF2A-4F23-868E-C5B608C08082}.Debug|Any CPU.ActiveCfg = Debug|Any CPU
		{4A15C827-CF2A-4F23-868E-C5B608C08082}.Debug|Any CPU.Build.0 = Debug|Any CPU
		{4A15C827-CF2A-4F23-868E-C5B608C08082}.Release|Any CPU.ActiveCfg = Release|Any CPU
		{4A15C827-CF2A-4F23-868E-C5B608C08082}.Release|Any CPU.Build.0 = Release|Any CPU
		{086E1AFE-2252-42A0-BC5D-65B4D788B342}.Debug|Any CPU.ActiveCfg = Debug|Any CPU
		{086E1AFE-2252-42A0-BC5D-65B4D788B342}.Debug|Any CPU.Build.0 = Debug|Any CPU
		{086E1AFE-2252-42A0-BC5D-65B4D788B342}.Release|Any CPU.ActiveCfg = Release|Any CPU
		{086E1AFE-2252-42A0-BC5D-65B4D788B342}.Release|Any CPU.Build.0 = Release|Any CPU
		{5C36166B-2CD9-4A2F-8D86-F222C89BF066}.Debug|Any CPU.ActiveCfg = Debug|Any CPU
		{5C36166B-2CD9-4A2F-8D86-F222C89BF066}.Debug|Any CPU.Build.0 = Debug|Any CPU
		{5C36166B-2CD9-4A2F-8D86-F222C89BF066}.Release|Any CPU.ActiveCfg = Release|Any CPU
		{5C36166B-2CD9-4A2F-8D86-F222C89BF066}.Release|Any CPU.Build.0 = Release|Any CPU
		{1BE5BBA9-6EC6-4D02-AB72-F4658050BF27}.Debug|Any CPU.ActiveCfg = Debug|Any CPU
		{1BE5BBA9-6EC6-4D02-AB72-F4658050BF27}.Debug|Any CPU.Build.0 = Debug|Any CPU
		{1BE5BBA9-6EC6-4D02-AB72-F4658050BF27}.Release|Any CPU.ActiveCfg = Release|Any CPU
		{1BE5BBA9-6EC6-4D02-AB72-F4658050BF27}.Release|Any CPU.Build.0 = Release|Any CPU
		{09E362B9-95F0-4B76-A65E-1BBA8166140B}.Debug|Any CPU.ActiveCfg = Debug|Any CPU
		{09E362B9-95F0-4B76-A65E-1BBA8166140B}.Debug|Any CPU.Build.0 = Debug|Any CPU
		{09E362B9-95F0-4B76-A65E-1BBA8166140B}.Release|Any CPU.ActiveCfg = Release|Any CPU
		{09E362B9-95F0-4B76-A65E-1BBA8166140B}.Release|Any CPU.Build.0 = Release|Any CPU
		{8762B455-182B-4C60-A08D-BA78669DC399}.Debug|Any CPU.ActiveCfg = Debug|Any CPU
		{8762B455-182B-4C60-A08D-BA78669DC399}.Debug|Any CPU.Build.0 = Debug|Any CPU
		{8762B455-182B-4C60-A08D-BA78669DC399}.Release|Any CPU.ActiveCfg = Release|Any CPU
		{8762B455-182B-4C60-A08D-BA78669DC399}.Release|Any CPU.Build.0 = Release|Any CPU
		{23FDDE1E-64C6-47C4-9E43-EA4676CDF74E}.Debug|Any CPU.ActiveCfg = Debug|Any CPU
		{23FDDE1E-64C6-47C4-9E43-EA4676CDF74E}.Debug|Any CPU.Build.0 = Debug|Any CPU
		{23FDDE1E-64C6-47C4-9E43-EA4676CDF74E}.Release|Any CPU.ActiveCfg = Release|Any CPU
		{23FDDE1E-64C6-47C4-9E43-EA4676CDF74E}.Release|Any CPU.Build.0 = Release|Any CPU
		{F5246BB5-4015-492C-BECA-3F874EAA53F2}.Debug|Any CPU.ActiveCfg = Debug|Any CPU
		{F5246BB5-4015-492C-BECA-3F874EAA53F2}.Debug|Any CPU.Build.0 = Debug|Any CPU
		{F5246BB5-4015-492C-BECA-3F874EAA53F2}.Release|Any CPU.ActiveCfg = Release|Any CPU
		{F5246BB5-4015-492C-BECA-3F874EAA53F2}.Release|Any CPU.Build.0 = Release|Any CPU
		{F6544A4A-0DAD-4F5A-AF90-BBB28DD27558}.Debug|Any CPU.ActiveCfg = Debug|Any CPU
		{F6544A4A-0DAD-4F5A-AF90-BBB28DD27558}.Debug|Any CPU.Build.0 = Debug|Any CPU
		{F6544A4A-0DAD-4F5A-AF90-BBB28DD27558}.Release|Any CPU.ActiveCfg = Release|Any CPU
		{F6544A4A-0DAD-4F5A-AF90-BBB28DD27558}.Release|Any CPU.Build.0 = Release|Any CPU
	EndGlobalSection
	GlobalSection(SolutionProperties) = preSolution
		HideSolutionNode = FALSE
	EndGlobalSection
	GlobalSection(ExtensibilityGlobals) = postSolution
		SolutionGuid = {85CBD953-BA79-451C-9B8B-004C6ECFB8C2}
	EndGlobalSection
EndGlobal
